
Microsoft Visual Studio Solution File, Format Version 12.00
# Visual Studio 2013
VisualStudioVersion = 12.0.40629.0
MinimumVisualStudioVersion = 10.0.40219.1
Project("{8BC9CEB8-8B4A-11D0-8D11-00A0C91BC942}") = "Laba1", "Laba1\Laba1.vcxproj", "{22610E4A-0EF5-442D-BA3C-5D482E433CA6}"
EndProject
Global
	GlobalSection(SolutionConfigurationPlatforms) = preSolution
		Debug|Win32 = Debug|Win32
		Release|Win32 = Release|Win32
	EndGlobalSection
	GlobalSection(ProjectConfigurationPlatforms) = postSolution
		{22610E4A-0EF5-442D-BA3C-5D482E433CA6}.Debug|Win32.ActiveCfg = Debug|Win32
		{22610E4A-0EF5-442D-BA3C-5D482E433CA6}.Debug|Win32.Build.0 = Debug|Win32
		{22610E4A-0EF5-442D-BA3C-5D482E433CA6}.Release|Win32.ActiveCfg = Release|Win32
		{22610E4A-0EF5-442D-BA3C-5D482E433CA6}.Release|Win32.Build.0 = Release|Win32
	EndGlobalSection
	GlobalSection(SolutionProperties) = preSolution
		HideSolutionNode = FALSE
	EndGlobalSection
EndGlobal
